// !$*UTF8*$!
{
	archiveVersion = 1;
	classes = {
	};
	objectVersion = 46;
	objects = {

/* Begin PBXBuildFile section */
		49CEED941E7E3A3600DFEA43 /* AppDelegate.swift in Sources */ = {isa = PBXBuildFile; fileRef = 49CEED931E7E3A3600DFEA43 /* AppDelegate.swift */; };
		49CEED961E7E3A3600DFEA43 /* ViewController.swift in Sources */ = {isa = PBXBuildFile; fileRef = 49CEED951E7E3A3600DFEA43 /* ViewController.swift */; };
		49CEED991E7E3A3600DFEA43 /* Main.storyboard in Resources */ = {isa = PBXBuildFile; fileRef = 49CEED971E7E3A3600DFEA43 /* Main.storyboard */; };
		49CEED9B1E7E3A3600DFEA43 /* Assets.xcassets in Resources */ = {isa = PBXBuildFile; fileRef = 49CEED9A1E7E3A3600DFEA43 /* Assets.xcassets */; };
		49CEED9E1E7E3A3600DFEA43 /* LaunchScreen.storyboard in Resources */ = {isa = PBXBuildFile; fileRef = 49CEED9C1E7E3A3600DFEA43 /* LaunchScreen.storyboard */; };
/* End PBXBuildFile section */

/* Begin PBXFileReference section */
		49CEED901E7E3A3600DFEA43 /* HellooWorldddd.app */ = {isa = PBXFileReference; explicitFileType = wrapper.application; includeInIndex = 0; path = HellooWorldddd.app; sourceTree = BUILT_PRODUCTS_DIR; };
		49CEED931E7E3A3600DFEA43 /* AppDelegate.swift */ = {isa = PBXFileReference; lastKnownFileType = sourcecode.swift; path = AppDelegate.swift; sourceTree = "<group>"; };
		49CEED951E7E3A3600DFEA43 /* ViewController.swift */ = {isa = PBXFileReference; lastKnownFileType = sourcecode.swift; path = ViewController.swift; sourceTree = "<group>"; };
		49CEED981E7E3A3600DFEA43 /* Base */ = {isa = PBXFileReference; lastKnownFileType = file.storyboard; name = Base; path = Base.lproj/Main.storyboard; sourceTree = "<group>"; };
		49CEED9A1E7E3A3600DFEA43 /* Assets.xcassets */ = {isa = PBXFileReference; lastKnownFileType = folder.assetcatalog; path = Assets.xcassets; sourceTree = "<group>"; };
		49CEED9D1E7E3A3600DFEA43 /* Base */ = {isa = PBXFileReference; lastKnownFileType = file.storyboard; name = Base; path = Base.lproj/LaunchScreen.storyboard; sourceTree = "<group>"; };
		49CEED9F1E7E3A3600DFEA43 /* Info.plist */ = {isa = PBXFileReference; lastKnownFileType = text.plist.xml; path = Info.plist; sourceTree = "<group>"; };
/* End PBXFileReference section */

/* Begin PBXFrameworksBuildPhase section */
		49CEED8D1E7E3A3500DFEA43 /* Frameworks */ = {
			isa = PBXFrameworksBuildPhase;
			buildActionMask = 2147483647;
			files = (
			);
			runOnlyForDeploymentPostprocessing = 0;
		};
/* End PBXFrameworksBuildPhase section */

/* Begin PBXGroup section */
		49CEED871E7E3A3500DFEA43 = {
			isa = PBXGroup;
			children = (
				49CEED921E7E3A3600DFEA43 /* HellooWorldddd */,
				49CEED911E7E3A3600DFEA43 /* Products */,
			);
			sourceTree = "<group>";
		};
		49CEED911E7E3A3600DFEA43 /* Products */ = {
			isa = PBXGroup;
			children = (
				49CEED901E7E3A3600DFEA43 /* HellooWorldddd.app */,
			);
			name = Products;
			sourceTree = "<group>";
		};
		49CEED921E7E3A3600DFEA43 /* HellooWorldddd */ = {
			isa = PBXGroup;
			children = (
				49CEED931E7E3A3600DFEA43 /* AppDelegate.swift */,
				49CEED951E7E3A3600DFEA43 /* ViewController.swift */,
				49CEED971E7E3A3600DFEA43 /* Main.storyboard */,
				49CEED9A1E7E3A3600DFEA43 /* Assets.xcassets */,
				49CEED9C1E7E3A3600DFEA43 /* LaunchScreen.storyboard */,
				49CEED9F1E7E3A3600DFEA43 /* Info.plist */,
			);
			path = HellooWorldddd;
			sourceTree = "<group>";
		};
/* End PBXGroup section */

/* Begin PBXNativeTarget section */
		49CEED8F1E7E3A3500DFEA43 /* HellooWorldddd */ = {
			isa = PBXNativeTarget;
			buildConfigurationList = 49CEEDA21E7E3A3600DFEA43 /* Build configuration list for PBXNativeTarget "HellooWorldddd" */;
			buildPhases = (
				49CEED8C1E7E3A3500DFEA43 /* Sources */,
				49CEED8D1E7E3A3500DFEA43 /* Frameworks */,
				49CEED8E1E7E3A3500DFEA43 /* Resources */,
			);
			buildRules = (
			);
			dependencies = (
			);
			name = HellooWorldddd;
			productName = HellooWorldddd;
			productReference = 49CEED901E7E3A3600DFEA43 /* HellooWorldddd.app */;
			productType = "com.apple.product-type.application";
		};
/* End PBXNativeTarget section */

/* Begin PBXProject section */
		49CEED881E7E3A3500DFEA43 /* Project object */ = {
			isa = PBXProject;
			attributes = {
				LastSwiftUpdateCheck = 0820;
				LastUpgradeCheck = 0820;
				ORGANIZATIONNAME = "Ruby Vega";
				TargetAttributes = {
					49CEED8F1E7E3A3500DFEA43 = {
						CreatedOnToolsVersion = 8.2.1;
						DevelopmentTeam = 9FZH43HDVN;
						ProvisioningStyle = Automatic;
					};
				};
			};
			buildConfigurationList = 49CEED8B1E7E3A3500DFEA43 /* Build configuration list for PBXProject "HellooWorldddd" */;
			compatibilityVersion = "Xcode 3.2";
			developmentRegion = English;
			hasScannedForEncodings = 0;
			knownRegions = (
				en,
				Base,
			);
			mainGroup = 49CEED871E7E3A3500DFEA43;
			productRefGroup = 49CEED911E7E3A3600DFEA43 /* Products */;
			projectDirPath = "";
			projectRoot = "";
			targets = (
				49CEED8F1E7E3A3500DFEA43 /* HellooWorldddd */,
			);
		};
/* End PBXProject section */

/* Begin PBXResourcesBuildPhase section */
		49CEED8E1E7E3A3500DFEA43 /* Resources */ = {
			isa = PBXResourcesBuildPhase;
			buildActionMask = 2147483647;
			files = (
				49CEED9E1E7E3A3600DFEA43 /* LaunchScreen.storyboard in Resources */,
				49CEED9B1E7E3A3600DFEA43 /* Assets.xcassets in Resources */,
				49CEED991E7E3A3600DFEA43 /* Main.storyboard in Resources */,
			);
			runOnlyForDeploymentPostprocessing = 0;
		};
/* End PBXResourcesBuildPhase section */

/* Begin PBXSourcesBuildPhase section */
		49CEED8C1E7E3A3500DFEA43 /* Sources */ = {
			isa = PBXSourcesBuildPhase;
			buildActionMask = 2147483647;
			files = (
				49CEED961E7E3A3600DFEA43 /* ViewController.swift in Sources */,
				49CEED941E7E3A3600DFEA43 /* AppDelegate.swift in Sources */,
			);
			runOnlyForDeploymentPostprocessing = 0;
		};
/* End PBXSourcesBuildPhase section */

/* Begin PBXVariantGroup section */
		49CEED971E7E3A3600DFEA43 /* Main.storyboard */ = {
			isa = PBXVariantGroup;
			children = (
				49CEED981E7E3A3600DFEA43 /* Base */,
			);
			name = Main.storyboard;
			sourceTree = "<group>";
		};
		49CEED9C1E7E3A3600DFEA43 /* LaunchScreen.storyboard */ = {
			isa = PBXVariantGroup;
			children = (
				49CEED9D1E7E3A3600DFEA43 /* Base */,
			);
			name = LaunchScreen.storyboard;
			sourceTree = "<group>";
		};
/* End PBXVariantGroup section */

/* Begin XCBuildConfiguration section */
		49CEEDA01E7E3A3600DFEA43 /* Debug */ = {
			isa = XCBuildConfiguration;
			buildSettings = {
				ALWAYS_SEARCH_USER_PATHS = NO;
				CLANG_ANALYZER_NONNULL = YES;
				CLANG_CXX_LANGUAGE_STANDARD = "gnu++0x";
				CLANG_CXX_LIBRARY = "libc++";
				CLANG_ENABLE_MODULES = YES;
				CLANG_ENABLE_OBJC_ARC = YES;
				CLANG_WARN_BOOL_CONVERSION = YES;
				CLANG_WARN_CONSTANT_CONVERSION = YES;
				CLANG_WARN_DIRECT_OBJC_ISA_USAGE = YES_ERROR;
				CLANG_WARN_DOCUMENTATION_COMMENTS = YES;
				CLANG_WARN_EMPTY_BODY = YES;
				CLANG_WARN_ENUM_CONVERSION = YES;
				CLANG_WARN_INFINITE_RECURSION = YES;
				CLANG_WARN_INT_CONVERSION = YES;
				CLANG_WARN_OBJC_ROOT_CLASS = YES_ERROR;
				CLANG_WARN_SUSPICIOUS_MOVE = YES;
				CLANG_WARN_UNREACHABLE_CODE = YES;
				CLANG_WARN__DUPLICATE_METHOD_MATCH = YES;
				"CODE_SIGN_IDENTITY[sdk=iphoneos*]" = "iPhone Developer";
				COPY_PHASE_STRIP = NO;
				DEBUG_INFORMATION_FORMAT = dwarf;
				ENABLE_STRICT_OBJC_MSGSEND = YES;
				ENABLE_TESTABILITY = YES;
				GCC_C_LANGUAGE_STANDARD = gnu99;
				GCC_DYNAMIC_NO_PIC = NO;
				GCC_NO_COMMON_BLOCKS = YES;
				GCC_OPTIMIZATION_LEVEL = 0;
				GCC_PREPROCESSOR_DEFINITIONS = (
					"DEBUG=1",
					"$(inherited)",
				);
				GCC_WARN_64_TO_32_BIT_CONVERSION = YES;
				GCC_WARN_ABOUT_RETURN_TYPE = YES_ERROR;
				GCC_WARN_UNDECLARED_SELECTOR = YES;
				GCC_WARN_UNINITIALIZED_AUTOS = YES_AGGRESSIVE;
				GCC_WARN_UNUSED_FUNCTION = YES;
				GCC_WARN_UNUSED_VARIABLE = YES;
				IPHONEOS_DEPLOYMENT_TARGET = 10.2;
				MTL_ENABLE_DEBUG_INFO = YES;
				ONLY_ACTIVE_ARCH = YES;
				SDKROOT = iphoneos;
				SWIFT_ACTIVE_COMPILATION_CONDITIONS = DEBUG;
				SWIFT_OPTIMIZATION_LEVEL = "-Onone";
				TARGETED_DEVICE_FAMILY = "1,2";
			};
			name = Debug;
		};
		49CEEDA11E7E3A3600DFEA43 /* Release */ = {
			isa = XCBuildConfiguration;
			buildSettings = {
				ALWAYS_SEARCH_USER_PATHS = NO;
				CLANG_ANALYZER_NONNULL = YES;
				CLANG_CXX_LANGUAGE_STANDARD = "gnu++0x";
				CLANG_CXX_LIBRARY = "libc++";
				CLANG_ENABLE_MODULES = YES;
				CLANG_ENABLE_OBJC_ARC = YES;
				CLANG_WARN_BOOL_CONVERSION = YES;
				CLANG_WARN_CONSTANT_CONVERSION = YES;
				CLANG_WARN_DIRECT_OBJC_ISA_USAGE = YES_ERROR;
				CLANG_WARN_DOCUMENTATION_COMMENTS = YES;
				CLANG_WARN_EMPTY_BODY = YES;
				CLANG_WARN_ENUM_CONVERSION = YES;
				CLANG_WARN_INFINITE_RECURSION = YES;
				CLANG_WARN_INT_CONVERSION = YES;
				CLANG_WARN_OBJC_ROOT_CLASS = YES_ERROR;
				CLANG_WARN_SUSPICIOUS_MOVE = YES;
				CLANG_WARN_UNREACHABLE_CODE = YES;
				CLANG_WARN__DUPLICATE_METHOD_MATCH = YES;
				"CODE_SIGN_IDENTITY[sdk=iphoneos*]" = "iPhone Developer";
				COPY_PHASE_STRIP = NO;
				DEBUG_INFORMATION_FORMAT = "dwarf-with-dsym";
				ENABLE_NS_ASSERTIONS = NO;
				ENABLE_STRICT_OBJC_MSGSEND = YES;
				GCC_C_LANGUAGE_STANDARD = gnu99;
				GCC_NO_COMMON_BLOCKS = YES;
				GCC_WARN_64_TO_32_BIT_CONVERSION = YES;
				GCC_WARN_ABOUT_RETURN_TYPE = YES_ERROR;
				GCC_WARN_UNDECLARED_SELECTOR = YES;
				GCC_WARN_UNINITIALIZED_AUTOS = YES_AGGRESSIVE;
				GCC_WARN_UNUSED_FUNCTION = YES;
				GCC_WARN_UNUSED_VARIABLE = YES;
				IPHONEOS_DEPLOYMENT_TARGET = 10.2;
				MTL_ENABLE_DEBUG_INFO = NO;
				SDKROOT = iphoneos;
				SWIFT_OPTIMIZATION_LEVEL = "-Owholemodule";
				TARGETED_DEVICE_FAMILY = "1,2";
				VALIDATE_PRODUCT = YES;
			};
			name = Release;
		};
		49CEEDA31E7E3A3600DFEA43 /* Debug */ = {
			isa = XCBuildConfiguration;
			buildSettings = {
				ASSETCATALOG_COMPILER_APPICON_NAME = AppIcon;
				DEVELOPMENT_TEAM = 9FZH43HDVN;
				INFOPLIST_FILE = HellooWorldddd/Info.plist;
				LD_RUNPATH_SEARCH_PATHS = "$(inherited) @executable_path/Frameworks";
				PRODUCT_BUNDLE_IDENTIFIER = com.ahnpan.HellooWorldddd;
				PRODUCT_NAME = "$(TARGET_NAME)";
				SWIFT_VERSION = 3.0;
			};
			name = Debug;
		};
		49CEEDA41E7E3A3600DFEA43 /* Release */ = {
			isa = XCBuildConfiguration;
			buildSettings = {
				ASSETCATALOG_COMPILER_APPICON_NAME = AppIcon;
				DEVELOPMENT_TEAM = 9FZH43HDVN;
				INFOPLIST_FILE = HellooWorldddd/Info.plist;
				LD_RUNPATH_SEARCH_PATHS = "$(inherited) @executable_path/Frameworks";
				PRODUCT_BUNDLE_IDENTIFIER = com.ahnpan.HellooWorldddd;
				PRODUCT_NAME = "$(TARGET_NAME)";
				SWIFT_VERSION = 3.0;
			};
			name = Release;
		};
/* End XCBuildConfiguration section */

/* Begin XCConfigurationList section */
		49CEED8B1E7E3A3500DFEA43 /* Build configuration list for PBXProject "HellooWorldddd" */ = {
			isa = XCConfigurationList;
			buildConfigurations = (
				49CEEDA01E7E3A3600DFEA43 /* Debug */,
				49CEEDA11E7E3A3600DFEA43 /* Release */,
			);
			defaultConfigurationIsVisible = 0;
			defaultConfigurationName = Release;
		};
		49CEEDA21E7E3A3600DFEA43 /* Build configuration list for PBXNativeTarget "HellooWorldddd" */ = {
			isa = XCConfigurationList;
			buildConfigurations = (
				49CEEDA31E7E3A3600DFEA43 /* Debug */,
				49CEEDA41E7E3A3600DFEA43 /* Release */,
			);
			defaultConfigurationIsVisible = 0;
		};
/* End XCConfigurationList section */
	};
	rootObject = 49CEED881E7E3A3500DFEA43 /* Project object */;
}
